// !$*UTF8*$!
{
	archiveVersion = 1;
	classes = {
	};
	objectVersion = 46;
	objects = {

/* Begin PBXBuildFile section */
		BD4AF1BA1F62863A00B73AAA /* DOMainHomeDemand.m in Sources */ = {isa = PBXBuildFile; fileRef = BD4AF1B91F62863A00B73AAA /* DOMainHomeDemand.m */; };
		BD4AF1BD1F62864F00B73AAA /* DOMainHomeController.m in Sources */ = {isa = PBXBuildFile; fileRef = BD4AF1BC1F62864F00B73AAA /* DOMainHomeController.m */; };
		BDAFDB101F61389D00AFE926 /* main.m in Sources */ = {isa = PBXBuildFile; fileRef = BDAFDB0F1F61389D00AFE926 /* main.m */; };
		BDAFDB131F61389D00AFE926 /* AppDelegate.m in Sources */ = {isa = PBXBuildFile; fileRef = BDAFDB121F61389D00AFE926 /* AppDelegate.m */; };
		BDAFDB191F61389D00AFE926 /* Main.storyboard in Resources */ = {isa = PBXBuildFile; fileRef = BDAFDB171F61389D00AFE926 /* Main.storyboard */; };
		BDAFDB1C1F61389D00AFE926 /* DOProgramming.xcdatamodeld in Sources */ = {isa = PBXBuildFile; fileRef = BDAFDB1A1F61389D00AFE926 /* DOProgramming.xcdatamodeld */; };
		BDAFDB1E1F61389D00AFE926 /* Assets.xcassets in Resources */ = {isa = PBXBuildFile; fileRef = BDAFDB1D1F61389D00AFE926 /* Assets.xcassets */; };
		BDAFDB211F61389D00AFE926 /* LaunchScreen.storyboard in Resources */ = {isa = PBXBuildFile; fileRef = BDAFDB1F1F61389D00AFE926 /* LaunchScreen.storyboard */; };
		BDAFDB2C1F61389E00AFE926 /* DOProgrammingTests.m in Sources */ = {isa = PBXBuildFile; fileRef = BDAFDB2B1F61389E00AFE926 /* DOProgrammingTests.m */; };
		BDAFDB371F61389E00AFE926 /* DOProgrammingUITests.m in Sources */ = {isa = PBXBuildFile; fileRef = BDAFDB361F61389E00AFE926 /* DOProgrammingUITests.m */; };
		BDAFDB901F625BED00AFE926 /* DODBDemand.m in Sources */ = {isa = PBXBuildFile; fileRef = BDAFDB791F625BED00AFE926 /* DODBDemand.m */; };
		BDAFDB911F625BED00AFE926 /* DOFileDemand.m in Sources */ = {isa = PBXBuildFile; fileRef = BDAFDB7C1F625BED00AFE926 /* DOFileDemand.m */; };
		BDAFDB921F625BED00AFE926 /* DONetDemand.m in Sources */ = {isa = PBXBuildFile; fileRef = BDAFDB7F1F625BED00AFE926 /* DONetDemand.m */; };
		BDAFDB931F625BED00AFE926 /* DOTextDemand.m in Sources */ = {isa = PBXBuildFile; fileRef = BDAFDB821F625BED00AFE926 /* DOTextDemand.m */; };
		BDAFDB941F625BED00AFE926 /* DONavigationDemand.m in Sources */ = {isa = PBXBuildFile; fileRef = BDAFDB861F625BED00AFE926 /* DONavigationDemand.m */; };
		BDAFDB951F625BED00AFE926 /* DOPageDemand.m in Sources */ = {isa = PBXBuildFile; fileRef = BDAFDB891F625BED00AFE926 /* DOPageDemand.m */; };
		BDAFDB961F625BED00AFE926 /* DOTransitionDemand.m in Sources */ = {isa = PBXBuildFile; fileRef = BDAFDB8C1F625BED00AFE926 /* DOTransitionDemand.m */; };
		BDAFDB971F625BED00AFE926 /* DOViewDemand.m in Sources */ = {isa = PBXBuildFile; fileRef = BDAFDB8F1F625BED00AFE926 /* DOViewDemand.m */; };
		BDAFDB9B1F625C0400AFE926 /* DOObject.m in Sources */ = {isa = PBXBuildFile; fileRef = BDAFDB9A1F625C0400AFE926 /* DOObject.m */; };
		BDAFDBA51F625CBF00AFE926 /* DONavigationViewDemand.m in Sources */ = {isa = PBXBuildFile; fileRef = BDAFDBA41F625CBF00AFE926 /* DONavigationViewDemand.m */; };
/* End PBXBuildFile section */

/* Begin PBXContainerItemProxy section */
		BDAFDB281F61389E00AFE926 /* PBXContainerItemProxy */ = {
			isa = PBXContainerItemProxy;
			containerPortal = BDAFDB031F61389D00AFE926 /* Project object */;
			proxyType = 1;
			remoteGlobalIDString = BDAFDB0A1F61389D00AFE926;
			remoteInfo = DOProgramming;
		};
		BDAFDB331F61389E00AFE926 /* PBXContainerItemProxy */ = {
			isa = PBXContainerItemProxy;
			containerPortal = BDAFDB031F61389D00AFE926 /* Project object */;
			proxyType = 1;
			remoteGlobalIDString = BDAFDB0A1F61389D00AFE926;
			remoteInfo = DOProgramming;
		};
/* End PBXContainerItemProxy section */

/* Begin PBXFileReference section */
		BD4AF1B81F62863A00B73AAA /* DOMainHomeDemand.h */ = {isa = PBXFileReference; fileEncoding = 4; lastKnownFileType = sourcecode.c.h; path = DOMainHomeDemand.h; sourceTree = "<group>"; };
		BD4AF1B91F62863A00B73AAA /* DOMainHomeDemand.m */ = {isa = PBXFileReference; fileEncoding = 4; lastKnownFileType = sourcecode.c.objc; path = DOMainHomeDemand.m; sourceTree = "<group>"; };
		BD4AF1BB1F62864F00B73AAA /* DOMainHomeController.h */ = {isa = PBXFileReference; fileEncoding = 4; lastKnownFileType = sourcecode.c.h; path = DOMainHomeController.h; sourceTree = "<group>"; };
		BD4AF1BC1F62864F00B73AAA /* DOMainHomeController.m */ = {isa = PBXFileReference; fileEncoding = 4; lastKnownFileType = sourcecode.c.objc; path = DOMainHomeController.m; sourceTree = "<group>"; };
		BDAFDB0B1F61389D00AFE926 /* DOProgramming.app */ = {isa = PBXFileReference; explicitFileType = wrapper.application; includeInIndex = 0; path = DOProgramming.app; sourceTree = BUILT_PRODUCTS_DIR; };
		BDAFDB0F1F61389D00AFE926 /* main.m */ = {isa = PBXFileReference; lastKnownFileType = sourcecode.c.objc; path = main.m; sourceTree = "<group>"; };
		BDAFDB111F61389D00AFE926 /* AppDelegate.h */ = {isa = PBXFileReference; lastKnownFileType = sourcecode.c.h; path = AppDelegate.h; sourceTree = "<group>"; };
		BDAFDB121F61389D00AFE926 /* AppDelegate.m */ = {isa = PBXFileReference; lastKnownFileType = sourcecode.c.objc; path = AppDelegate.m; sourceTree = "<group>"; };
		BDAFDB181F61389D00AFE926 /* Base */ = {isa = PBXFileReference; lastKnownFileType = file.storyboard; name = Base; path = Base.lproj/Main.storyboard; sourceTree = "<group>"; };
		BDAFDB1B1F61389D00AFE926 /* DOProgramming.xcdatamodel */ = {isa = PBXFileReference; lastKnownFileType = wrapper.xcdatamodel; path = DOProgramming.xcdatamodel; sourceTree = "<group>"; };
		BDAFDB1D1F61389D00AFE926 /* Assets.xcassets */ = {isa = PBXFileReference; lastKnownFileType = folder.assetcatalog; path = Assets.xcassets; sourceTree = "<group>"; };
		BDAFDB201F61389D00AFE926 /* Base */ = {isa = PBXFileReference; lastKnownFileType = file.storyboard; name = Base; path = Base.lproj/LaunchScreen.storyboard; sourceTree = "<group>"; };
		BDAFDB221F61389D00AFE926 /* Info.plist */ = {isa = PBXFileReference; lastKnownFileType = text.plist.xml; path = Info.plist; sourceTree = "<group>"; };
		BDAFDB271F61389E00AFE926 /* DOProgrammingTests.xctest */ = {isa = PBXFileReference; explicitFileType = wrapper.cfbundle; includeInIndex = 0; path = DOProgrammingTests.xctest; sourceTree = BUILT_PRODUCTS_DIR; };
		BDAFDB2B1F61389E00AFE926 /* DOProgrammingTests.m */ = {isa = PBXFileReference; lastKnownFileType = sourcecode.c.objc; path = DOProgrammingTests.m; sourceTree = "<group>"; };
		BDAFDB2D1F61389E00AFE926 /* Info.plist */ = {isa = PBXFileReference; lastKnownFileType = text.plist.xml; path = Info.plist; sourceTree = "<group>"; };
		BDAFDB321F61389E00AFE926 /* DOProgrammingUITests.xctest */ = {isa = PBXFileReference; explicitFileType = wrapper.cfbundle; includeInIndex = 0; path = DOProgrammingUITests.xctest; sourceTree = BUILT_PRODUCTS_DIR; };
		BDAFDB361F61389E00AFE926 /* DOProgrammingUITests.m */ = {isa = PBXFileReference; lastKnownFileType = sourcecode.c.objc; path = DOProgrammingUITests.m; sourceTree = "<group>"; };
		BDAFDB381F61389E00AFE926 /* Info.plist */ = {isa = PBXFileReference; lastKnownFileType = text.plist.xml; path = Info.plist; sourceTree = "<group>"; };
		BDAFDB781F625BED00AFE926 /* DODBDemand.h */ = {isa = PBXFileReference; fileEncoding = 4; lastKnownFileType = sourcecode.c.h; path = DODBDemand.h; sourceTree = "<group>"; };
		BDAFDB791F625BED00AFE926 /* DODBDemand.m */ = {isa = PBXFileReference; fileEncoding = 4; lastKnownFileType = sourcecode.c.objc; path = DODBDemand.m; sourceTree = "<group>"; };
		BDAFDB7B1F625BED00AFE926 /* DOFileDemand.h */ = {isa = PBXFileReference; fileEncoding = 4; lastKnownFileType = sourcecode.c.h; path = DOFileDemand.h; sourceTree = "<group>"; };
		BDAFDB7C1F625BED00AFE926 /* DOFileDemand.m */ = {isa = PBXFileReference; fileEncoding = 4; lastKnownFileType = sourcecode.c.objc; path = DOFileDemand.m; sourceTree = "<group>"; };
		BDAFDB7E1F625BED00AFE926 /* DONetDemand.h */ = {isa = PBXFileReference; fileEncoding = 4; lastKnownFileType = sourcecode.c.h; path = DONetDemand.h; sourceTree = "<group>"; };
		BDAFDB7F1F625BED00AFE926 /* DONetDemand.m */ = {isa = PBXFileReference; fileEncoding = 4; lastKnownFileType = sourcecode.c.objc; path = DONetDemand.m; sourceTree = "<group>"; };
		BDAFDB811F625BED00AFE926 /* DOTextDemand.h */ = {isa = PBXFileReference; fileEncoding = 4; lastKnownFileType = sourcecode.c.h; path = DOTextDemand.h; sourceTree = "<group>"; };
		BDAFDB821F625BED00AFE926 /* DOTextDemand.m */ = {isa = PBXFileReference; fileEncoding = 4; lastKnownFileType = sourcecode.c.objc; path = DOTextDemand.m; sourceTree = "<group>"; };
		BDAFDB851F625BED00AFE926 /* DONavigationDemand.h */ = {isa = PBXFileReference; fileEncoding = 4; lastKnownFileType = sourcecode.c.h; path = DONavigationDemand.h; sourceTree = "<group>"; };
		BDAFDB861F625BED00AFE926 /* DONavigationDemand.m */ = {isa = PBXFileReference; fileEncoding = 4; lastKnownFileType = sourcecode.c.objc; path = DONavigationDemand.m; sourceTree = "<group>"; };
		BDAFDB881F625BED00AFE926 /* DOPageDemand.h */ = {isa = PBXFileReference; fileEncoding = 4; lastKnownFileType = sourcecode.c.h; path = DOPageDemand.h; sourceTree = "<group>"; };
		BDAFDB891F625BED00AFE926 /* DOPageDemand.m */ = {isa = PBXFileReference; fileEncoding = 4; lastKnownFileType = sourcecode.c.objc; path = DOPageDemand.m; sourceTree = "<group>"; };
		BDAFDB8B1F625BED00AFE926 /* DOTransitionDemand.h */ = {isa = PBXFileReference; fileEncoding = 4; lastKnownFileType = sourcecode.c.h; path = DOTransitionDemand.h; sourceTree = "<group>"; };
		BDAFDB8C1F625BED00AFE926 /* DOTransitionDemand.m */ = {isa = PBXFileReference; fileEncoding = 4; lastKnownFileType = sourcecode.c.objc; path = DOTransitionDemand.m; sourceTree = "<group>"; };
		BDAFDB8E1F625BED00AFE926 /* DOViewDemand.h */ = {isa = PBXFileReference; fileEncoding = 4; lastKnownFileType = sourcecode.c.h; path = DOViewDemand.h; sourceTree = "<group>"; };
		BDAFDB8F1F625BED00AFE926 /* DOViewDemand.m */ = {isa = PBXFileReference; fileEncoding = 4; lastKnownFileType = sourcecode.c.objc; path = DOViewDemand.m; sourceTree = "<group>"; };
		BDAFDB991F625C0400AFE926 /* DOObject.h */ = {isa = PBXFileReference; fileEncoding = 4; lastKnownFileType = sourcecode.c.h; path = DOObject.h; sourceTree = "<group>"; };
		BDAFDB9A1F625C0400AFE926 /* DOObject.m */ = {isa = PBXFileReference; fileEncoding = 4; lastKnownFileType = sourcecode.c.objc; path = DOObject.m; sourceTree = "<group>"; };
		BDAFDBA31F625CBF00AFE926 /* DONavigationViewDemand.h */ = {isa = PBXFileReference; fileEncoding = 4; lastKnownFileType = sourcecode.c.h; path = DONavigationViewDemand.h; sourceTree = "<group>"; };
		BDAFDBA41F625CBF00AFE926 /* DONavigationViewDemand.m */ = {isa = PBXFileReference; fileEncoding = 4; lastKnownFileType = sourcecode.c.objc; path = DONavigationViewDemand.m; sourceTree = "<group>"; };
/* End PBXFileReference section */

/* Begin PBXFrameworksBuildPhase section */
		BDAFDB081F61389D00AFE926 /* Frameworks */ = {
			isa = PBXFrameworksBuildPhase;
			buildActionMask = 2147483647;
			files = (
			);
			runOnlyForDeploymentPostprocessing = 0;
		};
		BDAFDB241F61389E00AFE926 /* Frameworks */ = {
			isa = PBXFrameworksBuildPhase;
			buildActionMask = 2147483647;
			files = (
			);
			runOnlyForDeploymentPostprocessing = 0;
		};
		BDAFDB2F1F61389E00AFE926 /* Frameworks */ = {
			isa = PBXFrameworksBuildPhase;
			buildActionMask = 2147483647;
			files = (
			);
			runOnlyForDeploymentPostprocessing = 0;
		};
/* End PBXFrameworksBuildPhase section */

/* Begin PBXGroup section */
		BD4AF1B71F62863A00B73AAA /* Home */ = {
			isa = PBXGroup;
			children = (
				BD4AF1B81F62863A00B73AAA /* DOMainHomeDemand.h */,
				BD4AF1B91F62863A00B73AAA /* DOMainHomeDemand.m */,
				BD4AF1BB1F62864F00B73AAA /* DOMainHomeController.h */,
				BD4AF1BC1F62864F00B73AAA /* DOMainHomeController.m */,
			);
			name = Home;
			path = Main/Home;
			sourceTree = "<group>";
		};
		BD4AF1BF1F62B50F00B73AAA /* Button */ = {
			isa = PBXGroup;
			children = (
				BD4AF1C01F62B50F00B73AAA /* DOButtonDemand */,
			);
			path = Button;
			sourceTree = "<group>";
		};
		BD4AF1C01F62B50F00B73AAA /* DOButtonDemand */ = {
			isa = PBXGroup;
			children = (
			);
			path = DOButtonDemand;
			sourceTree = "<group>";
		};
		BD4AF1C11F62B50F00B73AAA /* ImageView */ = {
			isa = PBXGroup;
			children = (
				BD4AF1C21F62B50F00B73AAA /* DOImageViewDemand */,
			);
			path = ImageView;
			sourceTree = "<group>";
		};
		BD4AF1C21F62B50F00B73AAA /* DOImageViewDemand */ = {
			isa = PBXGroup;
			children = (
			);
			path = DOImageViewDemand;
			sourceTree = "<group>";
		};
		BD4AF1C31F62B50F00B73AAA /* TextView */ = {
			isa = PBXGroup;
			children = (
				BD4AF1C41F62B50F00B73AAA /* DOTextViewDemand */,
			);
			path = TextView;
			sourceTree = "<group>";
		};
		BD4AF1C41F62B50F00B73AAA /* DOTextViewDemand */ = {
			isa = PBXGroup;
			children = (
			);
			path = DOTextViewDemand;
			sourceTree = "<group>";
		};
		BDAFDB021F61389D00AFE926 = {
			isa = PBXGroup;
			children = (
				BDAFDB0D1F61389D00AFE926 /* DOProgramming */,
				BDAFDB2A1F61389E00AFE926 /* DOProgrammingTests */,
				BDAFDB351F61389E00AFE926 /* DOProgrammingUITests */,
				BDAFDB0C1F61389D00AFE926 /* Products */,
			);
			sourceTree = "<group>";
		};
		BDAFDB0C1F61389D00AFE926 /* Products */ = {
			isa = PBXGroup;
			children = (
				BDAFDB0B1F61389D00AFE926 /* DOProgramming.app */,
				BDAFDB271F61389E00AFE926 /* DOProgrammingTests.xctest */,
				BDAFDB321F61389E00AFE926 /* DOProgrammingUITests.xctest */,
			);
			name = Products;
			sourceTree = "<group>";
		};
		BDAFDB0D1F61389D00AFE926 /* DOProgramming */ = {
			isa = PBXGroup;
			children = (
				BDAFDB111F61389D00AFE926 /* AppDelegate.h */,
				BDAFDB121F61389D00AFE926 /* AppDelegate.m */,
				BDAFDB171F61389D00AFE926 /* Main.storyboard */,
				BDAFDB1D1F61389D00AFE926 /* Assets.xcassets */,
				BDAFDB1F1F61389D00AFE926 /* LaunchScreen.storyboard */,
				BDAFDB221F61389D00AFE926 /* Info.plist */,
				BDAFDB1A1F61389D00AFE926 /* DOProgramming.xcdatamodeld */,
				BDAFDB441F613E8C00AFE926 /* Classes */,
				BDAFDB451F613E8C00AFE926 /* DOP */,
				BDAFDB0E1F61389D00AFE926 /* Supporting Files */,
			);
			path = DOProgramming;
			sourceTree = "<group>";
		};
		BDAFDB0E1F61389D00AFE926 /* Supporting Files */ = {
			isa = PBXGroup;
			children = (
				BDAFDB0F1F61389D00AFE926 /* main.m */,
			);
			name = "Supporting Files";
			sourceTree = "<group>";
		};
		BDAFDB2A1F61389E00AFE926 /* DOProgrammingTests */ = {
			isa = PBXGroup;
			children = (
				BDAFDB2B1F61389E00AFE926 /* DOProgrammingTests.m */,
				BDAFDB2D1F61389E00AFE926 /* Info.plist */,
			);
			path = DOProgrammingTests;
			sourceTree = "<group>";
		};
		BDAFDB351F61389E00AFE926 /* DOProgrammingUITests */ = {
			isa = PBXGroup;
			children = (
				BDAFDB361F61389E00AFE926 /* DOProgrammingUITests.m */,
				BDAFDB381F61389E00AFE926 /* Info.plist */,
			);
			path = DOProgrammingUITests;
			sourceTree = "<group>";
		};
		BDAFDB441F613E8C00AFE926 /* Classes */ = {
			isa = PBXGroup;
			children = (
			);
			path = Classes;
			sourceTree = "<group>";
		};
		BDAFDB451F613E8C00AFE926 /* DOP */ = {
			isa = PBXGroup;
			children = (
				BDAFDB501F624F7500AFE926 /* Bin */,
				BDAFDB9C1F625C1C00AFE926 /* Dev */,
			);
			path = DOP;
			sourceTree = "<group>";
		};
		BDAFDB501F624F7500AFE926 /* Bin */ = {
			isa = PBXGroup;
			children = (
				BDAFDB981F625C0400AFE926 /* Obj */,
				BDAFDB761F625BED00AFE926 /* Data */,
				BDAFDB831F625BED00AFE926 /* Interface */,
			);
			path = Bin;
			sourceTree = "<group>";
		};
		BDAFDB761F625BED00AFE926 /* Data */ = {
			isa = PBXGroup;
			children = (
				BDAFDB771F625BED00AFE926 /* DODBDemand */,
				BDAFDB7A1F625BED00AFE926 /* DOFileDemand */,
				BDAFDB7D1F625BED00AFE926 /* DONetDemand */,
				BDAFDB801F625BED00AFE926 /* DOTextDemand */,
			);
			path = Data;
			sourceTree = "<group>";
		};
		BDAFDB771F625BED00AFE926 /* DODBDemand */ = {
			isa = PBXGroup;
			children = (
				BDAFDB781F625BED00AFE926 /* DODBDemand.h */,
				BDAFDB791F625BED00AFE926 /* DODBDemand.m */,
			);
			path = DODBDemand;
			sourceTree = "<group>";
		};
		BDAFDB7A1F625BED00AFE926 /* DOFileDemand */ = {
			isa = PBXGroup;
			children = (
				BDAFDB7B1F625BED00AFE926 /* DOFileDemand.h */,
				BDAFDB7C1F625BED00AFE926 /* DOFileDemand.m */,
			);
			path = DOFileDemand;
			sourceTree = "<group>";
		};
		BDAFDB7D1F625BED00AFE926 /* DONetDemand */ = {
			isa = PBXGroup;
			children = (
				BDAFDB7E1F625BED00AFE926 /* DONetDemand.h */,
				BDAFDB7F1F625BED00AFE926 /* DONetDemand.m */,
			);
			path = DONetDemand;
			sourceTree = "<group>";
		};
		BDAFDB801F625BED00AFE926 /* DOTextDemand */ = {
			isa = PBXGroup;
			children = (
				BDAFDB811F625BED00AFE926 /* DOTextDemand.h */,
				BDAFDB821F625BED00AFE926 /* DOTextDemand.m */,
			);
			path = DOTextDemand;
			sourceTree = "<group>";
		};
		BDAFDB831F625BED00AFE926 /* Interface */ = {
			isa = PBXGroup;
			children = (
				BDAFDB841F625BED00AFE926 /* DONavigationDemand */,
				BDAFDB871F625BED00AFE926 /* DOPageDemand */,
				BDAFDB8A1F625BED00AFE926 /* DOTransitionDemand */,
				BDAFDB8D1F625BED00AFE926 /* DOViewDemand */,
			);
			path = Interface;
			sourceTree = "<group>";
		};
		BDAFDB841F625BED00AFE926 /* DONavigationDemand */ = {
			isa = PBXGroup;
			children = (
				BDAFDB851F625BED00AFE926 /* DONavigationDemand.h */,
				BDAFDB861F625BED00AFE926 /* DONavigationDemand.m */,
			);
			path = DONavigationDemand;
			sourceTree = "<group>";
		};
		BDAFDB871F625BED00AFE926 /* DOPageDemand */ = {
			isa = PBXGroup;
			children = (
				BDAFDB881F625BED00AFE926 /* DOPageDemand.h */,
				BDAFDB891F625BED00AFE926 /* DOPageDemand.m */,
			);
			path = DOPageDemand;
			sourceTree = "<group>";
		};
		BDAFDB8A1F625BED00AFE926 /* DOTransitionDemand */ = {
			isa = PBXGroup;
			children = (
				BDAFDB8B1F625BED00AFE926 /* DOTransitionDemand.h */,
				BDAFDB8C1F625BED00AFE926 /* DOTransitionDemand.m */,
			);
			path = DOTransitionDemand;
			sourceTree = "<group>";
		};
		BDAFDB8D1F625BED00AFE926 /* DOViewDemand */ = {
			isa = PBXGroup;
			children = (
				BDAFDB8E1F625BED00AFE926 /* DOViewDemand.h */,
				BDAFDB8F1F625BED00AFE926 /* DOViewDemand.m */,
			);
			path = DOViewDemand;
			sourceTree = "<group>";
		};
		BDAFDB981F625C0400AFE926 /* Obj */ = {
			isa = PBXGroup;
			children = (
				BDAFDB991F625C0400AFE926 /* DOObject.h */,
				BDAFDB9A1F625C0400AFE926 /* DOObject.m */,
			);
			path = Obj;
			sourceTree = "<group>";
		};
		BDAFDB9C1F625C1C00AFE926 /* Dev */ = {
			isa = PBXGroup;
			children = (
				BDAFDB9D1F625C3300AFE926 /* Data */,
				BDAFDB9E1F625C3300AFE926 /* Interface */,
			);
			path = Dev;
			sourceTree = "<group>";
		};
		BDAFDB9D1F625C3300AFE926 /* Data */ = {
			isa = PBXGroup;
			children = (
			);
			path = Data;
			sourceTree = "<group>";
		};
		BDAFDB9E1F625C3300AFE926 /* Interface */ = {
			isa = PBXGroup;
			children = (
				BDAFDB9F1F625C7C00AFE926 /* Action */,
				BDAFDBA01F625C7C00AFE926 /* Navigator */,
				BDAFDBA11F625C7C00AFE926 /* Page */,
				BDAFDBA21F625C7C00AFE926 /* View */,
			);
			path = Interface;
			sourceTree = "<group>";
		};
		BDAFDB9F1F625C7C00AFE926 /* Action */ = {
			isa = PBXGroup;
			children = (
			);
			path = Action;
			sourceTree = "<group>";
		};
		BDAFDBA01F625C7C00AFE926 /* Navigator */ = {
			isa = PBXGroup;
			children = (
				BDAFDBA31F625CBF00AFE926 /* DONavigationViewDemand.h */,
				BDAFDBA41F625CBF00AFE926 /* DONavigationViewDemand.m */,
			);
			path = Navigator;
			sourceTree = "<group>";
		};
		BDAFDBA11F625C7C00AFE926 /* Page */ = {
			isa = PBXGroup;
			children = (
				BD4AF1B71F62863A00B73AAA /* Home */,
			);
			path = Page;
			sourceTree = "<group>";
		};
		BDAFDBA21F625C7C00AFE926 /* View */ = {
			isa = PBXGroup;
			children = (
				BD4AF1BF1F62B50F00B73AAA /* Button */,
				BD4AF1C11F62B50F00B73AAA /* ImageView */,
				BD4AF1C31F62B50F00B73AAA /* TextView */,
			);
			path = View;
			sourceTree = "<group>";
		};
/* End PBXGroup section */

/* Begin PBXNativeTarget section */
		BDAFDB0A1F61389D00AFE926 /* DOProgramming */ = {
			isa = PBXNativeTarget;
			buildConfigurationList = BDAFDB3B1F61389E00AFE926 /* Build configuration list for PBXNativeTarget "DOProgramming" */;
			buildPhases = (
				BDAFDB071F61389D00AFE926 /* Sources */,
				BDAFDB081F61389D00AFE926 /* Frameworks */,
				BDAFDB091F61389D00AFE926 /* Resources */,
			);
			buildRules = (
			);
			dependencies = (
			);
			name = DOProgramming;
			productName = DOProgramming;
			productReference = BDAFDB0B1F61389D00AFE926 /* DOProgramming.app */;
			productType = "com.apple.product-type.application";
		};
		BDAFDB261F61389E00AFE926 /* DOProgrammingTests */ = {
			isa = PBXNativeTarget;
			buildConfigurationList = BDAFDB3E1F61389E00AFE926 /* Build configuration list for PBXNativeTarget "DOProgrammingTests" */;
			buildPhases = (
				BDAFDB231F61389E00AFE926 /* Sources */,
				BDAFDB241F61389E00AFE926 /* Frameworks */,
				BDAFDB251F61389E00AFE926 /* Resources */,
			);
			buildRules = (
			);
			dependencies = (
				BDAFDB291F61389E00AFE926 /* PBXTargetDependency */,
			);
			name = DOProgrammingTests;
			productName = DOProgrammingTests;
			productReference = BDAFDB271F61389E00AFE926 /* DOProgrammingTests.xctest */;
			productType = "com.apple.product-type.bundle.unit-test";
		};
		BDAFDB311F61389E00AFE926 /* DOProgrammingUITests */ = {
			isa = PBXNativeTarget;
			buildConfigurationList = BDAFDB411F61389E00AFE926 /* Build configuration list for PBXNativeTarget "DOProgrammingUITests" */;
			buildPhases = (
				BDAFDB2E1F61389E00AFE926 /* Sources */,
				BDAFDB2F1F61389E00AFE926 /* Frameworks */,
				BDAFDB301F61389E00AFE926 /* Resources */,
			);
			buildRules = (
			);
			dependencies = (
				BDAFDB341F61389E00AFE926 /* PBXTargetDependency */,
			);
			name = DOProgrammingUITests;
			productName = DOProgrammingUITests;
			productReference = BDAFDB321F61389E00AFE926 /* DOProgrammingUITests.xctest */;
			productType = "com.apple.product-type.bundle.ui-testing";
		};
/* End PBXNativeTarget section */

/* Begin PBXProject section */
		BDAFDB031F61389D00AFE926 /* Project object */ = {
			isa = PBXProject;
			attributes = {
				CLASSPREFIX = DO;
				LastUpgradeCheck = 0830;
				ORGANIZATIONNAME = dingzhiwen;
				TargetAttributes = {
					BDAFDB0A1F61389D00AFE926 = {
						CreatedOnToolsVersion = 8.3.3;
						DevelopmentTeam = 4U92X5J5QF;
						ProvisioningStyle = Automatic;
					};
					BDAFDB261F61389E00AFE926 = {
						CreatedOnToolsVersion = 8.3.3;
						ProvisioningStyle = Automatic;
						TestTargetID = BDAFDB0A1F61389D00AFE926;
					};
					BDAFDB311F61389E00AFE926 = {
						CreatedOnToolsVersion = 8.3.3;
						ProvisioningStyle = Automatic;
						TestTargetID = BDAFDB0A1F61389D00AFE926;
					};
				};
			};
			buildConfigurationList = BDAFDB061F61389D00AFE926 /* Build configuration list for PBXProject "DOProgramming" */;
			compatibilityVersion = "Xcode 3.2";
			developmentRegion = English;
			hasScannedForEncodings = 0;
			knownRegions = (
				en,
				Base,
			);
			mainGroup = BDAFDB021F61389D00AFE926;
			productRefGroup = BDAFDB0C1F61389D00AFE926 /* Products */;
			projectDirPath = "";
			projectRoot = "";
			targets = (
				BDAFDB0A1F61389D00AFE926 /* DOProgramming */,
				BDAFDB261F61389E00AFE926 /* DOProgrammingTests */,
				BDAFDB311F61389E00AFE926 /* DOProgrammingUITests */,
			);
		};
/* End PBXProject section */

/* Begin PBXResourcesBuildPhase section */
		BDAFDB091F61389D00AFE926 /* Resources */ = {
			isa = PBXResourcesBuildPhase;
			buildActionMask = 2147483647;
			files = (
				BDAFDB211F61389D00AFE926 /* LaunchScreen.storyboard in Resources */,
				BDAFDB1E1F61389D00AFE926 /* Assets.xcassets in Resources */,
				BDAFDB191F61389D00AFE926 /* Main.storyboard in Resources */,
			);
			runOnlyForDeploymentPostprocessing = 0;
		};
		BDAFDB251F61389E00AFE926 /* Resources */ = {
			isa = PBXResourcesBuildPhase;
			buildActionMask = 2147483647;
			files = (
			);
			runOnlyForDeploymentPostprocessing = 0;
		};
		BDAFDB301F61389E00AFE926 /* Resources */ = {
			isa = PBXResourcesBuildPhase;
			buildActionMask = 2147483647;
			files = (
			);
			runOnlyForDeploymentPostprocessing = 0;
		};
/* End PBXResourcesBuildPhase section */

/* Begin PBXSourcesBuildPhase section */
		BDAFDB071F61389D00AFE926 /* Sources */ = {
			isa = PBXSourcesBuildPhase;
			buildActionMask = 2147483647;
			files = (
				BDAFDB951F625BED00AFE926 /* DOPageDemand.m in Sources */,
				BDAFDB1C1F61389D00AFE926 /* DOProgramming.xcdatamodeld in Sources */,
				BDAFDB961F625BED00AFE926 /* DOTransitionDemand.m in Sources */,
				BD4AF1BA1F62863A00B73AAA /* DOMainHomeDemand.m in Sources */,
				BDAFDB9B1F625C0400AFE926 /* DOObject.m in Sources */,
				BD4AF1BD1F62864F00B73AAA /* DOMainHomeController.m in Sources */,
				BDAFDB971F625BED00AFE926 /* DOViewDemand.m in Sources */,
				BDAFDB931F625BED00AFE926 /* DOTextDemand.m in Sources */,
				BDAFDB911F625BED00AFE926 /* DOFileDemand.m in Sources */,
				BDAFDB921F625BED00AFE926 /* DONetDemand.m in Sources */,
				BDAFDB131F61389D00AFE926 /* AppDelegate.m in Sources */,
				BDAFDBA51F625CBF00AFE926 /* DONavigationViewDemand.m in Sources */,
				BDAFDB941F625BED00AFE926 /* DONavigationDemand.m in Sources */,
				BDAFDB101F61389D00AFE926 /* main.m in Sources */,
				BDAFDB901F625BED00AFE926 /* DODBDemand.m in Sources */,
			);
			runOnlyForDeploymentPostprocessing = 0;
		};
		BDAFDB231F61389E00AFE926 /* Sources */ = {
			isa = PBXSourcesBuildPhase;
			buildActionMask = 2147483647;
			files = (
				BDAFDB2C1F61389E00AFE926 /* DOProgrammingTests.m in Sources */,
			);
			runOnlyForDeploymentPostprocessing = 0;
		};
		BDAFDB2E1F61389E00AFE926 /* Sources */ = {
			isa = PBXSourcesBuildPhase;
			buildActionMask = 2147483647;
			files = (
				BDAFDB371F61389E00AFE926 /* DOProgrammingUITests.m in Sources */,
			);
			runOnlyForDeploymentPostprocessing = 0;
		};
/* End PBXSourcesBuildPhase section */

/* Begin PBXTargetDependency section */
		BDAFDB291F61389E00AFE926 /* PBXTargetDependency */ = {
			isa = PBXTargetDependency;
			target = BDAFDB0A1F61389D00AFE926 /* DOProgramming */;
			targetProxy = BDAFDB281F61389E00AFE926 /* PBXContainerItemProxy */;
		};
		BDAFDB341F61389E00AFE926 /* PBXTargetDependency */ = {
			isa = PBXTargetDependency;
			target = BDAFDB0A1F61389D00AFE926 /* DOProgramming */;
			targetProxy = BDAFDB331F61389E00AFE926 /* PBXContainerItemProxy */;
		};
/* End PBXTargetDependency section */

/* Begin PBXVariantGroup section */
		BDAFDB171F61389D00AFE926 /* Main.storyboard */ = {
			isa = PBXVariantGroup;
			children = (
				BDAFDB181F61389D00AFE926 /* Base */,
			);
			name = Main.storyboard;
			sourceTree = "<group>";
		};
		BDAFDB1F1F61389D00AFE926 /* LaunchScreen.storyboard */ = {
			isa = PBXVariantGroup;
			children = (
				BDAFDB201F61389D00AFE926 /* Base */,
			);
			name = LaunchScreen.storyboard;
			sourceTree = "<group>";
		};
/* End PBXVariantGroup section */

/* Begin XCBuildConfiguration section */
		BDAFDB391F61389E00AFE926 /* Debug */ = {
			isa = XCBuildConfiguration;
			buildSettings = {
				ALWAYS_SEARCH_USER_PATHS = NO;
				CLANG_ANALYZER_NONNULL = YES;
				CLANG_ANALYZER_NUMBER_OBJECT_CONVERSION = YES_AGGRESSIVE;
				CLANG_CXX_LANGUAGE_STANDARD = "gnu++0x";
				CLANG_CXX_LIBRARY = "libc++";
				CLANG_ENABLE_MODULES = YES;
				CLANG_ENABLE_OBJC_ARC = YES;
				CLANG_WARN_BOOL_CONVERSION = YES;
				CLANG_WARN_CONSTANT_CONVERSION = YES;
				CLANG_WARN_DIRECT_OBJC_ISA_USAGE = YES_ERROR;
				CLANG_WARN_DOCUMENTATION_COMMENTS = YES;
				CLANG_WARN_EMPTY_BODY = YES;
				CLANG_WARN_ENUM_CONVERSION = YES;
				CLANG_WARN_INFINITE_RECURSION = YES;
				CLANG_WARN_INT_CONVERSION = YES;
				CLANG_WARN_OBJC_ROOT_CLASS = YES_ERROR;
				CLANG_WARN_SUSPICIOUS_MOVE = YES;
				CLANG_WARN_UNREACHABLE_CODE = YES;
				CLANG_WARN__DUPLICATE_METHOD_MATCH = YES;
				"CODE_SIGN_IDENTITY[sdk=iphoneos*]" = "iPhone Developer";
				COPY_PHASE_STRIP = NO;
				DEBUG_INFORMATION_FORMAT = dwarf;
				ENABLE_STRICT_OBJC_MSGSEND = YES;
				ENABLE_TESTABILITY = YES;
				GCC_C_LANGUAGE_STANDARD = gnu99;
				GCC_DYNAMIC_NO_PIC = NO;
				GCC_NO_COMMON_BLOCKS = YES;
				GCC_OPTIMIZATION_LEVEL = 0;
				GCC_PREPROCESSOR_DEFINITIONS = (
					"DEBUG=1",
					"$(inherited)",
				);
				GCC_WARN_64_TO_32_BIT_CONVERSION = YES;
				GCC_WARN_ABOUT_RETURN_TYPE = YES_ERROR;
				GCC_WARN_UNDECLARED_SELECTOR = YES;
				GCC_WARN_UNINITIALIZED_AUTOS = YES_AGGRESSIVE;
				GCC_WARN_UNUSED_FUNCTION = YES;
				GCC_WARN_UNUSED_VARIABLE = YES;
				IPHONEOS_DEPLOYMENT_TARGET = 8.0;
				MTL_ENABLE_DEBUG_INFO = YES;
				ONLY_ACTIVE_ARCH = YES;
				SDKROOT = iphoneos;
				TARGETED_DEVICE_FAMILY = "1,2";
			};
			name = Debug;
		};
		BDAFDB3A1F61389E00AFE926 /* Release */ = {
			isa = XCBuildConfiguration;
			buildSettings = {
				ALWAYS_SEARCH_USER_PATHS = NO;
				CLANG_ANALYZER_NONNULL = YES;
				CLANG_ANALYZER_NUMBER_OBJECT_CONVERSION = YES_AGGRESSIVE;
				CLANG_CXX_LANGUAGE_STANDARD = "gnu++0x";
				CLANG_CXX_LIBRARY = "libc++";
				CLANG_ENABLE_MODULES = YES;
				CLANG_ENABLE_OBJC_ARC = YES;
				CLANG_WARN_BOOL_CONVERSION = YES;
				CLANG_WARN_CONSTANT_CONVERSION = YES;
				CLANG_WARN_DIRECT_OBJC_ISA_USAGE = YES_ERROR;
				CLANG_WARN_DOCUMENTATION_COMMENTS = YES;
				CLANG_WARN_EMPTY_BODY = YES;
				CLANG_WARN_ENUM_CONVERSION = YES;
				CLANG_WARN_INFINITE_RECURSION = YES;
				CLANG_WARN_INT_CONVERSION = YES;
				CLANG_WARN_OBJC_ROOT_CLASS = YES_ERROR;
				CLANG_WARN_SUSPICIOUS_MOVE = YES;
				CLANG_WARN_UNREACHABLE_CODE = YES;
				CLANG_WARN__DUPLICATE_METHOD_MATCH = YES;
				"CODE_SIGN_IDENTITY[sdk=iphoneos*]" = "iPhone Developer";
				COPY_PHASE_STRIP = NO;
				DEBUG_INFORMATION_FORMAT = "dwarf-with-dsym";
				ENABLE_NS_ASSERTIONS = NO;
				ENABLE_STRICT_OBJC_MSGSEND = YES;
				GCC_C_LANGUAGE_STANDARD = gnu99;
				GCC_NO_COMMON_BLOCKS = YES;
				GCC_WARN_64_TO_32_BIT_CONVERSION = YES;
				GCC_WARN_ABOUT_RETURN_TYPE = YES_ERROR;
				GCC_WARN_UNDECLARED_SELECTOR = YES;
				GCC_WARN_UNINITIALIZED_AUTOS = YES_AGGRESSIVE;
				GCC_WARN_UNUSED_FUNCTION = YES;
				GCC_WARN_UNUSED_VARIABLE = YES;
				IPHONEOS_DEPLOYMENT_TARGET = 8.0;
				MTL_ENABLE_DEBUG_INFO = NO;
				SDKROOT = iphoneos;
				TARGETED_DEVICE_FAMILY = "1,2";
				VALIDATE_PRODUCT = YES;
			};
			name = Release;
		};
		BDAFDB3C1F61389E00AFE926 /* Debug */ = {
			isa = XCBuildConfiguration;
			buildSettings = {
				ASSETCATALOG_COMPILER_APPICON_NAME = AppIcon;
				DEVELOPMENT_TEAM = 4U92X5J5QF;
				INFOPLIST_FILE = DOProgramming/Info.plist;
				IPHONEOS_DEPLOYMENT_TARGET = 8.0;
				LD_RUNPATH_SEARCH_PATHS = "$(inherited) @executable_path/Frameworks";
				PRODUCT_BUNDLE_IDENTIFIER = cn.sumrise.DOProgramming.test;
				PRODUCT_NAME = "$(TARGET_NAME)";
			};
			name = Debug;
		};
		BDAFDB3D1F61389E00AFE926 /* Release */ = {
			isa = XCBuildConfiguration;
			buildSettings = {
				ASSETCATALOG_COMPILER_APPICON_NAME = AppIcon;
				DEVELOPMENT_TEAM = 4U92X5J5QF;
				INFOPLIST_FILE = DOProgramming/Info.plist;
				IPHONEOS_DEPLOYMENT_TARGET = 8.0;
				LD_RUNPATH_SEARCH_PATHS = "$(inherited) @executable_path/Frameworks";
				PRODUCT_BUNDLE_IDENTIFIER = cn.sumrise.DOProgramming.test;
				PRODUCT_NAME = "$(TARGET_NAME)";
			};
			name = Release;
		};
		BDAFDB3F1F61389E00AFE926 /* Debug */ = {
			isa = XCBuildConfiguration;
			buildSettings = {
				BUNDLE_LOADER = "$(TEST_HOST)";
				INFOPLIST_FILE = DOProgrammingTests/Info.plist;
				LD_RUNPATH_SEARCH_PATHS = "$(inherited) @executable_path/Frameworks @loader_path/Frameworks";
				PRODUCT_BUNDLE_IDENTIFIER = weiche.DOProgrammingTests;
				PRODUCT_NAME = "$(TARGET_NAME)";
				TEST_HOST = "$(BUILT_PRODUCTS_DIR)/DOProgramming.app/DOProgramming";
			};
			name = Debug;
		};
		BDAFDB401F61389E00AFE926 /* Release */ = {
			isa = XCBuildConfiguration;
			buildSettings = {
				BUNDLE_LOADER = "$(TEST_HOST)";
				INFOPLIST_FILE = DOProgrammingTests/Info.plist;
				LD_RUNPATH_SEARCH_PATHS = "$(inherited) @executable_path/Frameworks @loader_path/Frameworks";
				PRODUCT_BUNDLE_IDENTIFIER = weiche.DOProgrammingTests;
				PRODUCT_NAME = "$(TARGET_NAME)";
				TEST_HOST = "$(BUILT_PRODUCTS_DIR)/DOProgramming.app/DOProgramming";
			};
			name = Release;
		};
		BDAFDB421F61389E00AFE926 /* Debug */ = {
			isa = XCBuildConfiguration;
			buildSettings = {
				INFOPLIST_FILE = DOProgrammingUITests/Info.plist;
				LD_RUNPATH_SEARCH_PATHS = "$(inherited) @executable_path/Frameworks @loader_path/Frameworks";
				PRODUCT_BUNDLE_IDENTIFIER = weiche.DOProgrammingUITests;
				PRODUCT_NAME = "$(TARGET_NAME)";
				TEST_TARGET_NAME = DOProgramming;
			};
			name = Debug;
		};
		BDAFDB431F61389E00AFE926 /* Release */ = {
			isa = XCBuildConfiguration;
			buildSettings = {
				INFOPLIST_FILE = DOProgrammingUITests/Info.plist;
				LD_RUNPATH_SEARCH_PATHS = "$(inherited) @executable_path/Frameworks @loader_path/Frameworks";
				PRODUCT_BUNDLE_IDENTIFIER = weiche.DOProgrammingUITests;
				PRODUCT_NAME = "$(TARGET_NAME)";
				TEST_TARGET_NAME = DOProgramming;
			};
			name = Release;
		};
/* End XCBuildConfiguration section */

/* Begin XCConfigurationList section */
		BDAFDB061F61389D00AFE926 /* Build configuration list for PBXProject "DOProgramming" */ = {
			isa = XCConfigurationList;
			buildConfigurations = (
				BDAFDB391F61389E00AFE926 /* Debug */,
				BDAFDB3A1F61389E00AFE926 /* Release */,
			);
			defaultConfigurationIsVisible = 0;
			defaultConfigurationName = Release;
		};
		BDAFDB3B1F61389E00AFE926 /* Build configuration list for PBXNativeTarget "DOProgramming" */ = {
			isa = XCConfigurationList;
			buildConfigurations = (
				BDAFDB3C1F61389E00AFE926 /* Debug */,
				BDAFDB3D1F61389E00AFE926 /* Release */,
			);
			defaultConfigurationIsVisible = 0;
			defaultConfigurationName = Release;
		};
		BDAFDB3E1F61389E00AFE926 /* Build configuration list for PBXNativeTarget "DOProgrammingTests" */ = {
			isa = XCConfigurationList;
			buildConfigurations = (
				BDAFDB3F1F61389E00AFE926 /* Debug */,
				BDAFDB401F61389E00AFE926 /* Release */,
			);
			defaultConfigurationIsVisible = 0;
			defaultConfigurationName = Release;
		};
		BDAFDB411F61389E00AFE926 /* Build configuration list for PBXNativeTarget "DOProgrammingUITests" */ = {
			isa = XCConfigurationList;
			buildConfigurations = (
				BDAFDB421F61389E00AFE926 /* Debug */,
				BDAFDB431F61389E00AFE926 /* Release */,
			);
			defaultConfigurationIsVisible = 0;
			defaultConfigurationName = Release;
		};
/* End XCConfigurationList section */

/* Begin XCVersionGroup section */
		BDAFDB1A1F61389D00AFE926 /* DOProgramming.xcdatamodeld */ = {
			isa = XCVersionGroup;
			children = (
				BDAFDB1B1F61389D00AFE926 /* DOProgramming.xcdatamodel */,
			);
			currentVersion = BDAFDB1B1F61389D00AFE926 /* DOProgramming.xcdatamodel */;
			path = DOProgramming.xcdatamodeld;
			sourceTree = "<group>";
			versionGroupType = wrapper.xcdatamodel;
		};
/* End XCVersionGroup section */
	};
	rootObject = BDAFDB031F61389D00AFE926 /* Project object */;
}
